
Microsoft Visual Studio Solution File, Format Version 12.00
# Visual Studio 14
VisualStudioVersion = 14.0.25420.1
MinimumVisualStudioVersion = 10.0.40219.1
Project("{FAE04EC0-301F-11D3-BF4B-00C04F79EFBC}") = "SpecifyingCSharpAPI", "SpecifyingCSharpAPI\SpecifyingCSharpAPI.csproj", "{5CA9FD03-5AEC-4315-B02D-7DFFF3262976}"
EndProject
Project("{2150E333-8FDC-42A3-9474-1A3956D46DE8}") = "Solution Items", "Solution Items", "{7049F27A-87DB-4556-B714-2D28763220DE}"
	ProjectSection(SolutionItems) = preProject
		CodeSnippets.cs = CodeSnippets.cs
	EndProjectSection
EndProject
Project("{FAE04EC0-301F-11D3-BF4B-00C04F79EFBC}") = "Persy", "Persy\Persy.csproj", "{8E0B7566-6D37-4733-B5EC-15994BD12D46}"
EndProject
Project("{FAE04EC0-301F-11D3-BF4B-00C04F79EFBC}") = "BuilderSample", "BuilderSample\BuilderSample.csproj", "{0C65E1C0-AD70-44D4-AA01-CFA3A1720484}"
EndProject
Project("{FAE04EC0-301F-11D3-BF4B-00C04F79EFBC}") = "SeedingATree", "SeedingATree\SeedingATree.csproj", "{F0CE861C-8D4A-4159-9E31-0A19D0EAFD00}"
EndProject
Global
	GlobalSection(SolutionConfigurationPlatforms) = preSolution
		Debug|Any CPU = Debug|Any CPU
		Release|Any CPU = Release|Any CPU
	EndGlobalSection
	GlobalSection(ProjectConfigurationPlatforms) = postSolution
		{5CA9FD03-5AEC-4315-B02D-7DFFF3262976}.Debug|Any CPU.ActiveCfg = Debug|Any CPU
		{5CA9FD03-5AEC-4315-B02D-7DFFF3262976}.Debug|Any CPU.Build.0 = Debug|Any CPU
		{5CA9FD03-5AEC-4315-B02D-7DFFF3262976}.Release|Any CPU.ActiveCfg = Release|Any CPU
		{5CA9FD03-5AEC-4315-B02D-7DFFF3262976}.Release|Any CPU.Build.0 = Release|Any CPU
		{8E0B7566-6D37-4733-B5EC-15994BD12D46}.Debug|Any CPU.ActiveCfg = Debug|Any CPU
		{8E0B7566-6D37-4733-B5EC-15994BD12D46}.Debug|Any CPU.Build.0 = Debug|Any CPU
		{8E0B7566-6D37-4733-B5EC-15994BD12D46}.Release|Any CPU.ActiveCfg = Release|Any CPU
		{8E0B7566-6D37-4733-B5EC-15994BD12D46}.Release|Any CPU.Build.0 = Release|Any CPU
		{0C65E1C0-AD70-44D4-AA01-CFA3A1720484}.Debug|Any CPU.ActiveCfg = Debug|Any CPU
		{0C65E1C0-AD70-44D4-AA01-CFA3A1720484}.Debug|Any CPU.Build.0 = Debug|Any CPU
		{0C65E1C0-AD70-44D4-AA01-CFA3A1720484}.Release|Any CPU.ActiveCfg = Release|Any CPU
		{0C65E1C0-AD70-44D4-AA01-CFA3A1720484}.Release|Any CPU.Build.0 = Release|Any CPU
		{F0CE861C-8D4A-4159-9E31-0A19D0EAFD00}.Debug|Any CPU.ActiveCfg = Debug|Any CPU
		{F0CE861C-8D4A-4159-9E31-0A19D0EAFD00}.Debug|Any CPU.Build.0 = Debug|Any CPU
		{F0CE861C-8D4A-4159-9E31-0A19D0EAFD00}.Release|Any CPU.ActiveCfg = Release|Any CPU
		{F0CE861C-8D4A-4159-9E31-0A19D0EAFD00}.Release|Any CPU.Build.0 = Release|Any CPU
	EndGlobalSection
	GlobalSection(SolutionProperties) = preSolution
		HideSolutionNode = FALSE
	EndGlobalSection
EndGlobal
